
Microsoft Visual Studio Solution File, Format Version 12.00
# Visual Studio 2012
Project("{FAE04EC0-301F-11D3-BF4B-00C04F79EFBC}") = "SMTDroid", "SMTDroid\SMTDroid.csproj", "{8EC635CE-8957-4D11-80C9-B57F47E87BF6}"
EndProject
Global
	GlobalSection(SolutionConfigurationPlatforms) = preSolution
		Debug|Any CPU = Debug|Any CPU
		Release|Any CPU = Release|Any CPU
	EndGlobalSection
	GlobalSection(ProjectConfigurationPlatforms) = postSolution
		{8EC635CE-8957-4D11-80C9-B57F47E87BF6}.Debug|Any CPU.ActiveCfg = Debug|Any CPU
		{8EC635CE-8957-4D11-80C9-B57F47E87BF6}.Debug|Any CPU.Build.0 = Debug|Any CPU
		{8EC635CE-8957-4D11-80C9-B57F47E87BF6}.Release|Any CPU.ActiveCfg = Release|Any CPU
		{8EC635CE-8957-4D11-80C9-B57F47E87BF6}.Release|Any CPU.Build.0 = Release|Any CPU
	EndGlobalSection
EndGlobal
